// !$*UTF8*$!
{
	archiveVersion = 1;
	classes = {
	};
	objectVersion = 56;
	objects = {

/* Begin PBXBuildFile section */
		CE1325882C0B5E4000298FDB /* cloudy.png in Resources */ = {isa = PBXBuildFile; fileRef = CE1325802C0B5E4000298FDB /* cloudy.png */; };
		CE1325892C0B5E4000298FDB /* rainy.png in Resources */ = {isa = PBXBuildFile; fileRef = CE1325812C0B5E4000298FDB /* rainy.png */; };
		CE13258A2C0B5E4000298FDB /* snow.png in Resources */ = {isa = PBXBuildFile; fileRef = CE1325822C0B5E4000298FDB /* snow.png */; };
		CE13258B2C0B5E4000298FDB /* sunny.png in Resources */ = {isa = PBXBuildFile; fileRef = CE1325832C0B5E4000298FDB /* sunny.png */; };
		CE13258C2C0B5E4000298FDB /* thunder.png in Resources */ = {isa = PBXBuildFile; fileRef = CE1325842C0B5E4000298FDB /* thunder.png */; };
		CE13258D2C0B5E4000298FDB /* unknown.png in Resources */ = {isa = PBXBuildFile; fileRef = CE1325852C0B5E4000298FDB /* unknown.png */; };
		CE13258E2C0B5E4000298FDB /* wind.png in Resources */ = {isa = PBXBuildFile; fileRef = CE1325862C0B5E4000298FDB /* wind.png */; };
		CE1325F32C0C757400298FDB /* WidgetKit.framework in Frameworks */ = {isa = PBXBuildFile; fileRef = CE13259C2C0C038600298FDB /* WidgetKit.framework */; };
		CE1325F42C0C757400298FDB /* SwiftUI.framework in Frameworks */ = {isa = PBXBuildFile; fileRef = CE13259E2C0C038700298FDB /* SwiftUI.framework */; };
		CE1325F72C0C757400298FDB /* WeatherWidgetBundle.swift in Sources */ = {isa = PBXBuildFile; fileRef = CE1325F62C0C757400298FDB /* WeatherWidgetBundle.swift */; };
		CE1325F92C0C757400298FDB /* WeatherWidgetLiveActivity.swift in Sources */ = {isa = PBXBuildFile; fileRef = CE1325F82C0C757400298FDB /* WeatherWidgetLiveActivity.swift */; };
		CE1325FB2C0C757400298FDB /* WeatherWidget.swift in Sources */ = {isa = PBXBuildFile; fileRef = CE1325FA2C0C757400298FDB /* WeatherWidget.swift */; };
		CE1325FD2C0C757400298FDB /* AppIntent.swift in Sources */ = {isa = PBXBuildFile; fileRef = CE1325FC2C0C757400298FDB /* AppIntent.swift */; };
		CE1325FF2C0C757700298FDB /* Assets.xcassets in Resources */ = {isa = PBXBuildFile; fileRef = CE1325FE2C0C757700298FDB /* Assets.xcassets */; };
		CE1326032C0C757700298FDB /* WeatherWidgetExtension.appex in Embed Foundation Extensions */ = {isa = PBXBuildFile; fileRef = CE1325F22C0C757400298FDB /* WeatherWidgetExtension.appex */; settings = {ATTRIBUTES = (RemoveHeadersOnCopy, ); }; };
		CE13260C2C2A141300298FDB /* PrivacyInfo.xcprivacy in Resources */ = {isa = PBXBuildFile; fileRef = CE13260B2C2A141300298FDB /* PrivacyInfo.xcprivacy */; };
		CE13260D2C2A141300298FDB /* PrivacyInfo.xcprivacy in Resources */ = {isa = PBXBuildFile; fileRef = CE13260B2C2A141300298FDB /* PrivacyInfo.xcprivacy */; };
		CEBA455E2C04CFED00C95299 /* AppDelegate.swift in Sources */ = {isa = PBXBuildFile; fileRef = CEBA455D2C04CFED00C95299 /* AppDelegate.swift */; };
		CEBA45602C04CFED00C95299 /* SceneDelegate.swift in Sources */ = {isa = PBXBuildFile; fileRef = CEBA455F2C04CFED00C95299 /* SceneDelegate.swift */; };
		CEBA45622C04CFED00C95299 /* ViewController.swift in Sources */ = {isa = PBXBuildFile; fileRef = CEBA45612C04CFED00C95299 /* ViewController.swift */; };
		CEBA45652C04CFED00C95299 /* Base in Resources */ = {isa = PBXBuildFile; fileRef = CEBA45642C04CFED00C95299 /* Base */; };
		CEBA45672C04CFEE00C95299 /* Assets.xcassets in Resources */ = {isa = PBXBuildFile; fileRef = CEBA45662C04CFEE00C95299 /* Assets.xcassets */; };
		CEBA456A2C04CFEE00C95299 /* Base in Resources */ = {isa = PBXBuildFile; fileRef = CEBA45692C04CFEE00C95299 /* Base */; };
		CEBA45742C081CBC00C95299 /* 2kyou_no_tenkiTableViewController.swift in Sources */ = {isa = PBXBuildFile; fileRef = CEBA45732C081CBC00C95299 /* 2kyou_no_tenkiTableViewController.swift */; };
		CEBA45762C08856500C95299 /* 3konngetu_no_tenkiViewController.swift in Sources */ = {isa = PBXBuildFile; fileRef = CEBA45752C08856500C95299 /* 3konngetu_no_tenkiViewController.swift */; };
		CEBA457A2C0886C300C95299 /* 1WeatherViewController.swift in Sources */ = {isa = PBXBuildFile; fileRef = CEBA45792C0886C300C95299 /* 1WeatherViewController.swift */; };
		CEBA45812C08918700C95299 /* CoreLocation.framework in Frameworks */ = {isa = PBXBuildFile; fileRef = CEBA45802C08918700C95299 /* CoreLocation.framework */; };
		CEBA45A32C09D78900C95299 /* 3MonthDateManager.swift in Sources */ = {isa = PBXBuildFile; fileRef = CEBA45A22C09D78900C95299 /* 3MonthDateManager.swift */; };
		CEBA45A72C09DCE600C95299 /* 3CalendarCellCollectionViewCell.swift in Sources */ = {isa = PBXBuildFile; fileRef = CEBA45A62C09DCE600C95299 /* 3CalendarCellCollectionViewCell.swift */; };
/* End PBXBuildFile section */

/* Begin PBXContainerItemProxy section */
		CE1326012C0C757700298FDB /* PBXContainerItemProxy */ = {
			isa = PBXContainerItemProxy;
			containerPortal = CEBA45522C04CFED00C95299 /* Project object */;
			proxyType = 1;
			remoteGlobalIDString = CE1325F12C0C757400298FDB;
			remoteInfo = WeatherWidgetExtension;
		};
/* End PBXContainerItemProxy section */

/* Begin PBXCopyFilesBuildPhase section */
		CE1325AF2C0C038900298FDB /* Embed Foundation Extensions */ = {
			isa = PBXCopyFilesBuildPhase;
			buildActionMask = 2147483647;
			dstPath = "";
			dstSubfolderSpec = 13;
			files = (
				CE1326032C0C757700298FDB /* WeatherWidgetExtension.appex in Embed Foundation Extensions */,
			);
			name = "Embed Foundation Extensions";
			runOnlyForDeploymentPostprocessing = 0;
		};
/* End PBXCopyFilesBuildPhase section */

/* Begin PBXFileReference section */
		CE1325802C0B5E4000298FDB /* cloudy.png */ = {isa = PBXFileReference; lastKnownFileType = image.png; path = cloudy.png; sourceTree = "<group>"; };
		CE1325812C0B5E4000298FDB /* rainy.png */ = {isa = PBXFileReference; lastKnownFileType = image.png; path = rainy.png; sourceTree = "<group>"; };
		CE1325822C0B5E4000298FDB /* snow.png */ = {isa = PBXFileReference; lastKnownFileType = image.png; path = snow.png; sourceTree = "<group>"; };
		CE1325832C0B5E4000298FDB /* sunny.png */ = {isa = PBXFileReference; lastKnownFileType = image.png; path = sunny.png; sourceTree = "<group>"; };
		CE1325842C0B5E4000298FDB /* thunder.png */ = {isa = PBXFileReference; lastKnownFileType = image.png; path = thunder.png; sourceTree = "<group>"; };
		CE1325852C0B5E4000298FDB /* unknown.png */ = {isa = PBXFileReference; lastKnownFileType = image.png; path = unknown.png; sourceTree = "<group>"; };
		CE1325862C0B5E4000298FDB /* wind.png */ = {isa = PBXFileReference; lastKnownFileType = image.png; path = wind.png; sourceTree = "<group>"; };
		CE13259C2C0C038600298FDB /* WidgetKit.framework */ = {isa = PBXFileReference; lastKnownFileType = wrapper.framework; name = WidgetKit.framework; path = System/Library/Frameworks/WidgetKit.framework; sourceTree = SDKROOT; };
		CE13259E2C0C038700298FDB /* SwiftUI.framework */ = {isa = PBXFileReference; lastKnownFileType = wrapper.framework; name = SwiftUI.framework; path = System/Library/Frameworks/SwiftUI.framework; sourceTree = SDKROOT; };
		CE1325D32C0C071D00298FDB /* remembrella.app */ = {isa = PBXFileReference; explicitFileType = wrapper.application; includeInIndex = 0; path = remembrella.app; sourceTree = BUILT_PRODUCTS_DIR; };
		CE1325F22C0C757400298FDB /* WeatherWidgetExtension.appex */ = {isa = PBXFileReference; explicitFileType = "wrapper.app-extension"; includeInIndex = 0; path = WeatherWidgetExtension.appex; sourceTree = BUILT_PRODUCTS_DIR; };
		CE1325F62C0C757400298FDB /* WeatherWidgetBundle.swift */ = {isa = PBXFileReference; lastKnownFileType = sourcecode.swift; path = WeatherWidgetBundle.swift; sourceTree = "<group>"; };
		CE1325F82C0C757400298FDB /* WeatherWidgetLiveActivity.swift */ = {isa = PBXFileReference; lastKnownFileType = sourcecode.swift; path = WeatherWidgetLiveActivity.swift; sourceTree = "<group>"; };
		CE1325FA2C0C757400298FDB /* WeatherWidget.swift */ = {isa = PBXFileReference; lastKnownFileType = sourcecode.swift; path = WeatherWidget.swift; sourceTree = "<group>"; };
		CE1325FC2C0C757400298FDB /* AppIntent.swift */ = {isa = PBXFileReference; lastKnownFileType = sourcecode.swift; path = AppIntent.swift; sourceTree = "<group>"; };
		CE1325FE2C0C757700298FDB /* Assets.xcassets */ = {isa = PBXFileReference; lastKnownFileType = folder.assetcatalog; path = Assets.xcassets; sourceTree = "<group>"; };
		CE1326002C0C757700298FDB /* Info.plist */ = {isa = PBXFileReference; lastKnownFileType = text.plist.xml; path = Info.plist; sourceTree = "<group>"; };
		CE13260B2C2A141300298FDB /* PrivacyInfo.xcprivacy */ = {isa = PBXFileReference; lastKnownFileType = text.xml; path = PrivacyInfo.xcprivacy; sourceTree = "<group>"; };
		CEBA455D2C04CFED00C95299 /* AppDelegate.swift */ = {isa = PBXFileReference; lastKnownFileType = sourcecode.swift; path = AppDelegate.swift; sourceTree = "<group>"; };
		CEBA455F2C04CFED00C95299 /* SceneDelegate.swift */ = {isa = PBXFileReference; lastKnownFileType = sourcecode.swift; path = SceneDelegate.swift; sourceTree = "<group>"; };
		CEBA45612C04CFED00C95299 /* ViewController.swift */ = {isa = PBXFileReference; lastKnownFileType = sourcecode.swift; path = ViewController.swift; sourceTree = "<group>"; };
		CEBA45642C04CFED00C95299 /* Base */ = {isa = PBXFileReference; lastKnownFileType = file.storyboard; name = Base; path = Base.lproj/Main.storyboard; sourceTree = "<group>"; };
		CEBA45662C04CFEE00C95299 /* Assets.xcassets */ = {isa = PBXFileReference; lastKnownFileType = folder.assetcatalog; path = Assets.xcassets; sourceTree = "<group>"; };
		CEBA45692C04CFEE00C95299 /* Base */ = {isa = PBXFileReference; lastKnownFileType = file.storyboard; name = Base; path = Base.lproj/LaunchScreen.storyboard; sourceTree = "<group>"; };
		CEBA456B2C04CFEE00C95299 /* Info.plist */ = {isa = PBXFileReference; lastKnownFileType = text.plist.xml; path = Info.plist; sourceTree = "<group>"; };
		CEBA45732C081CBC00C95299 /* 2kyou_no_tenkiTableViewController.swift */ = {isa = PBXFileReference; lastKnownFileType = sourcecode.swift; path = 2kyou_no_tenkiTableViewController.swift; sourceTree = "<group>"; };
		CEBA45752C08856500C95299 /* 3konngetu_no_tenkiViewController.swift */ = {isa = PBXFileReference; lastKnownFileType = sourcecode.swift; path = 3konngetu_no_tenkiViewController.swift; sourceTree = "<group>"; };
		CEBA45792C0886C300C95299 /* 1WeatherViewController.swift */ = {isa = PBXFileReference; lastKnownFileType = sourcecode.swift; path = 1WeatherViewController.swift; sourceTree = "<group>"; };
		CEBA45802C08918700C95299 /* CoreLocation.framework */ = {isa = PBXFileReference; lastKnownFileType = wrapper.framework; name = CoreLocation.framework; path = System/Library/Frameworks/CoreLocation.framework; sourceTree = SDKROOT; };
		CEBA45A22C09D78900C95299 /* 3MonthDateManager.swift */ = {isa = PBXFileReference; lastKnownFileType = sourcecode.swift; path = 3MonthDateManager.swift; sourceTree = "<group>"; };
		CEBA45A62C09DCE600C95299 /* 3CalendarCellCollectionViewCell.swift */ = {isa = PBXFileReference; lastKnownFileType = sourcecode.swift; path = 3CalendarCellCollectionViewCell.swift; sourceTree = "<group>"; };
		CEBA45AE2C09FB2900C95299 /* wheather.entitlements */ = {isa = PBXFileReference; lastKnownFileType = text.plist.entitlements; path = wheather.entitlements; sourceTree = "<group>"; };
/* End PBXFileReference section */

/* Begin PBXFrameworksBuildPhase section */
		CE1325EF2C0C757400298FDB /* Frameworks */ = {
			isa = PBXFrameworksBuildPhase;
			buildActionMask = 2147483647;
			files = (
				CE1325F42C0C757400298FDB /* SwiftUI.framework in Frameworks */,
				CE1325F32C0C757400298FDB /* WidgetKit.framework in Frameworks */,
			);
			runOnlyForDeploymentPostprocessing = 0;
		};
		CEBA45572C04CFED00C95299 /* Frameworks */ = {
			isa = PBXFrameworksBuildPhase;
			buildActionMask = 2147483647;
			files = (
				CEBA45812C08918700C95299 /* CoreLocation.framework in Frameworks */,
			);
			runOnlyForDeploymentPostprocessing = 0;
		};
/* End PBXFrameworksBuildPhase section */

/* Begin PBXGroup section */
		CE1325872C0B5E4000298FDB /* tennkicharacters */ = {
			isa = PBXGroup;
			children = (
				CE1325802C0B5E4000298FDB /* cloudy.png */,
				CE1325812C0B5E4000298FDB /* rainy.png */,
				CE1325822C0B5E4000298FDB /* snow.png */,
				CE1325832C0B5E4000298FDB /* sunny.png */,
				CE1325842C0B5E4000298FDB /* thunder.png */,
				CE1325852C0B5E4000298FDB /* unknown.png */,
				CE1325862C0B5E4000298FDB /* wind.png */,
			);
			path = tennkicharacters;
			sourceTree = "<group>";
		};
		CE1325F52C0C757400298FDB /* WeatherWidget */ = {
			isa = PBXGroup;
			children = (
				CE1325F62C0C757400298FDB /* WeatherWidgetBundle.swift */,
				CE1325FA2C0C757400298FDB /* WeatherWidget.swift */,
				CE1325FC2C0C757400298FDB /* AppIntent.swift */,
				CE1325F82C0C757400298FDB /* WeatherWidgetLiveActivity.swift */,
				CE1325FE2C0C757700298FDB /* Assets.xcassets */,
				CE1326002C0C757700298FDB /* Info.plist */,
			);
			path = WeatherWidget;
			sourceTree = "<group>";
		};
		CEBA45512C04CFED00C95299 = {
			isa = PBXGroup;
			children = (
				CEBA455C2C04CFED00C95299 /* wheather */,
				CE1325F52C0C757400298FDB /* WeatherWidget */,
				CEBA457F2C08918700C95299 /* Frameworks */,
				CE1325D32C0C071D00298FDB /* remembrella.app */,
				CE1325F22C0C757400298FDB /* WeatherWidgetExtension.appex */,
			);
			sourceTree = "<group>";
		};
		CEBA455C2C04CFED00C95299 /* wheather */ = {
			isa = PBXGroup;
			children = (
				CEBA45AE2C09FB2900C95299 /* wheather.entitlements */,
				CEBA455D2C04CFED00C95299 /* AppDelegate.swift */,
				CEBA455F2C04CFED00C95299 /* SceneDelegate.swift */,
				CEBA45612C04CFED00C95299 /* ViewController.swift */,
				CEBA45632C04CFED00C95299 /* Main.storyboard */,
				CEBA45662C04CFEE00C95299 /* Assets.xcassets */,
				CEBA45682C04CFEE00C95299 /* LaunchScreen.storyboard */,
				CEBA456B2C04CFEE00C95299 /* Info.plist */,
				CE13260B2C2A141300298FDB /* PrivacyInfo.xcprivacy */,
				CEBA45732C081CBC00C95299 /* 2kyou_no_tenkiTableViewController.swift */,
				CEBA45792C0886C300C95299 /* 1WeatherViewController.swift */,
				CEBA45752C08856500C95299 /* 3konngetu_no_tenkiViewController.swift */,
				CEBA45A22C09D78900C95299 /* 3MonthDateManager.swift */,
				CEBA45A62C09DCE600C95299 /* 3CalendarCellCollectionViewCell.swift */,
			);
			path = wheather;
			sourceTree = "<group>";
		};
		CEBA457F2C08918700C95299 /* Frameworks */ = {
			isa = PBXGroup;
			children = (
				CEBA45802C08918700C95299 /* CoreLocation.framework */,
				CE1325872C0B5E4000298FDB /* tennkicharacters */,
				CE13259C2C0C038600298FDB /* WidgetKit.framework */,
				CE13259E2C0C038700298FDB /* SwiftUI.framework */,
			);
			name = Frameworks;
			sourceTree = "<group>";
		};
/* End PBXGroup section */

/* Begin PBXNativeTarget section */
		CE1325F12C0C757400298FDB /* WeatherWidgetExtension */ = {
			isa = PBXNativeTarget;
			buildConfigurationList = CE1326042C0C757700298FDB /* Build configuration list for PBXNativeTarget "WeatherWidgetExtension" */;
			buildPhases = (
				CE1325EE2C0C757400298FDB /* Sources */,
				CE1325EF2C0C757400298FDB /* Frameworks */,
				CE1325F02C0C757400298FDB /* Resources */,
			);
			buildRules = (
			);
			dependencies = (
			);
			name = WeatherWidgetExtension;
			productName = WeatherWidgetExtension;
			productReference = CE1325F22C0C757400298FDB /* WeatherWidgetExtension.appex */;
			productType = "com.apple.product-type.app-extension";
		};
		CEBA45592C04CFED00C95299 /* remembrella */ = {
			isa = PBXNativeTarget;
			buildConfigurationList = CEBA456E2C04CFEE00C95299 /* Build configuration list for PBXNativeTarget "remembrella" */;
			buildPhases = (
				CEBA45562C04CFED00C95299 /* Sources */,
				CEBA45572C04CFED00C95299 /* Frameworks */,
				CEBA45582C04CFED00C95299 /* Resources */,
				CE1325AF2C0C038900298FDB /* Embed Foundation Extensions */,
			);
			buildRules = (
			);
			dependencies = (
				CE1326022C0C757700298FDB /* PBXTargetDependency */,
			);
			name = remembrella;
			productName = wheather;
			productReference = CE1325D32C0C071D00298FDB /* remembrella.app */;
			productType = "com.apple.product-type.application";
		};
/* End PBXNativeTarget section */

/* Begin PBXProject section */
		CEBA45522C04CFED00C95299 /* Project object */ = {
			isa = PBXProject;
			attributes = {
				BuildIndependentTargetsInParallel = 1;
				LastSwiftUpdateCheck = 1530;
				LastUpgradeCheck = 1530;
				TargetAttributes = {
					CE1325F12C0C757400298FDB = {
						CreatedOnToolsVersion = 15.3;
					};
					CEBA45592C04CFED00C95299 = {
						CreatedOnToolsVersion = 15.3;
					};
				};
			};
			buildConfigurationList = CEBA45552C04CFED00C95299 /* Build configuration list for PBXProject "remembrella" */;
			compatibilityVersion = "Xcode 14.0";
			developmentRegion = en;
			hasScannedForEncodings = 0;
			knownRegions = (
				en,
				Base,
			);
			mainGroup = CEBA45512C04CFED00C95299;
			productRefGroup = CEBA45512C04CFED00C95299;
			projectDirPath = "";
			projectRoot = "";
			targets = (
				CEBA45592C04CFED00C95299 /* remembrella */,
				CE1325F12C0C757400298FDB /* WeatherWidgetExtension */,
			);
		};
/* End PBXProject section */

/* Begin PBXResourcesBuildPhase section */
		CE1325F02C0C757400298FDB /* Resources */ = {
			isa = PBXResourcesBuildPhase;
			buildActionMask = 2147483647;
			files = (
				CE13260D2C2A141300298FDB /* PrivacyInfo.xcprivacy in Resources */,
				CE1325FF2C0C757700298FDB /* Assets.xcassets in Resources */,
			);
			runOnlyForDeploymentPostprocessing = 0;
		};
		CEBA45582C04CFED00C95299 /* Resources */ = {
			isa = PBXResourcesBuildPhase;
			buildActionMask = 2147483647;
			files = (
				CE13258C2C0B5E4000298FDB /* thunder.png in Resources */,
				CE13258E2C0B5E4000298FDB /* wind.png in Resources */,
				CE13258B2C0B5E4000298FDB /* sunny.png in Resources */,
				CEBA45672C04CFEE00C95299 /* Assets.xcassets in Resources */,
				CE1325892C0B5E4000298FDB /* rainy.png in Resources */,
				CE13260C2C2A141300298FDB /* PrivacyInfo.xcprivacy in Resources */,
				CE13258A2C0B5E4000298FDB /* snow.png in Resources */,
				CE1325882C0B5E4000298FDB /* cloudy.png in Resources */,
				CE13258D2C0B5E4000298FDB /* unknown.png in Resources */,
				CEBA456A2C04CFEE00C95299 /* Base in Resources */,
				CEBA45652C04CFED00C95299 /* Base in Resources */,
			);
			runOnlyForDeploymentPostprocessing = 0;
		};
/* End PBXResourcesBuildPhase section */

/* Begin PBXSourcesBuildPhase section */
		CE1325EE2C0C757400298FDB /* Sources */ = {
			isa = PBXSourcesBuildPhase;
			buildActionMask = 2147483647;
			files = (
				CE1325F72C0C757400298FDB /* WeatherWidgetBundle.swift in Sources */,
				CE1325FD2C0C757400298FDB /* AppIntent.swift in Sources */,
				CE1325F92C0C757400298FDB /* WeatherWidgetLiveActivity.swift in Sources */,
				CE1325FB2C0C757400298FDB /* WeatherWidget.swift in Sources */,
			);
			runOnlyForDeploymentPostprocessing = 0;
		};
		CEBA45562C04CFED00C95299 /* Sources */ = {
			isa = PBXSourcesBuildPhase;
			buildActionMask = 2147483647;
			files = (
				CEBA45622C04CFED00C95299 /* ViewController.swift in Sources */,
				CEBA45742C081CBC00C95299 /* 2kyou_no_tenkiTableViewController.swift in Sources */,
				CEBA455E2C04CFED00C95299 /* AppDelegate.swift in Sources */,
				CEBA45762C08856500C95299 /* 3konngetu_no_tenkiViewController.swift in Sources */,
				CEBA45602C04CFED00C95299 /* SceneDelegate.swift in Sources */,
				CEBA457A2C0886C300C95299 /* 1WeatherViewController.swift in Sources */,
				CEBA45A72C09DCE600C95299 /* 3CalendarCellCollectionViewCell.swift in Sources */,
				CEBA45A32C09D78900C95299 /* 3MonthDateManager.swift in Sources */,
			);
			runOnlyForDeploymentPostprocessing = 0;
		};
/* End PBXSourcesBuildPhase section */

/* Begin PBXTargetDependency section */
		CE1326022C0C757700298FDB /* PBXTargetDependency */ = {
			isa = PBXTargetDependency;
			target = CE1325F12C0C757400298FDB /* WeatherWidgetExtension */;
			targetProxy = CE1326012C0C757700298FDB /* PBXContainerItemProxy */;
		};
/* End PBXTargetDependency section */

/* Begin PBXVariantGroup section */
		CEBA45632C04CFED00C95299 /* Main.storyboard */ = {
			isa = PBXVariantGroup;
			children = (
				CEBA45642C04CFED00C95299 /* Base */,
			);
			name = Main.storyboard;
			sourceTree = "<group>";
		};
		CEBA45682C04CFEE00C95299 /* LaunchScreen.storyboard */ = {
			isa = PBXVariantGroup;
			children = (
				CEBA45692C04CFEE00C95299 /* Base */,
			);
			name = LaunchScreen.storyboard;
			sourceTree = "<group>";
		};
/* End PBXVariantGroup section */

/* Begin XCBuildConfiguration section */
		CE1326052C0C757700298FDB /* Debug */ = {
			isa = XCBuildConfiguration;
			buildSettings = {
				ASSETCATALOG_COMPILER_GLOBAL_ACCENT_COLOR_NAME = AccentColor;
				ASSETCATALOG_COMPILER_WIDGET_BACKGROUND_COLOR_NAME = WidgetBackground;
				CODE_SIGN_STYLE = Automatic;
				CURRENT_PROJECT_VERSION = 1;
				DEVELOPMENT_TEAM = JP6MC7F82A;
				GENERATE_INFOPLIST_FILE = YES;
				INFOPLIST_FILE = WeatherWidget/Info.plist;
				INFOPLIST_KEY_CFBundleDisplayName = WeatherWidget;
				INFOPLIST_KEY_NSHumanReadableCopyright = "";
				INFOPLIST_KEY_NSUserTrackingUsageDescription = "to get wheather information";
				LD_RUNPATH_SEARCH_PATHS = (
					"$(inherited)",
					"@executable_path/Frameworks",
					"@executable_path/../../Frameworks",
				);
				MARKETING_VERSION = 1.0;
				PRODUCT_BUNDLE_IDENTIFIER = com.Perry.Tsuge.wheather.WeatherWidget;
				PRODUCT_NAME = "$(TARGET_NAME)";
				SKIP_INSTALL = YES;
				SWIFT_EMIT_LOC_STRINGS = YES;
				SWIFT_VERSION = 5.0;
				TARGETED_DEVICE_FAMILY = "1,2";
			};
			name = Debug;
		};
		CE1326062C0C757700298FDB /* Release */ = {
			isa = XCBuildConfiguration;
			buildSettings = {
				ASSETCATALOG_COMPILER_GLOBAL_ACCENT_COLOR_NAME = AccentColor;
				ASSETCATALOG_COMPILER_WIDGET_BACKGROUND_COLOR_NAME = WidgetBackground;
				CODE_SIGN_STYLE = Automatic;
				CURRENT_PROJECT_VERSION = 1;
				DEVELOPMENT_TEAM = JP6MC7F82A;
				GENERATE_INFOPLIST_FILE = YES;
				INFOPLIST_FILE = WeatherWidget/Info.plist;
				INFOPLIST_KEY_CFBundleDisplayName = WeatherWidget;
				INFOPLIST_KEY_NSHumanReadableCopyright = "";
				INFOPLIST_KEY_NSUserTrackingUsageDescription = "to get wheather information";
				LD_RUNPATH_SEARCH_PATHS = (
					"$(inherited)",
					"@executable_path/Frameworks",
					"@executable_path/../../Frameworks",
				);
				MARKETING_VERSION = 1.0;
				PRODUCT_BUNDLE_IDENTIFIER = com.Perry.Tsuge.wheather.WeatherWidget;
				PRODUCT_NAME = "$(TARGET_NAME)";
				SKIP_INSTALL = YES;
				SWIFT_EMIT_LOC_STRINGS = YES;
				SWIFT_VERSION = 5.0;
				TARGETED_DEVICE_FAMILY = "1,2";
			};
			name = Release;
		};
		CEBA456C2C04CFEE00C95299 /* Debug */ = {
			isa = XCBuildConfiguration;
			buildSettings = {
				ALWAYS_SEARCH_USER_PATHS = NO;
				ASSETCATALOG_COMPILER_GENERATE_SWIFT_ASSET_SYMBOL_EXTENSIONS = YES;
				CLANG_ANALYZER_NONNULL = YES;
				CLANG_ANALYZER_NUMBER_OBJECT_CONVERSION = YES_AGGRESSIVE;
				CLANG_CXX_LANGUAGE_STANDARD = "gnu++20";
				CLANG_ENABLE_MODULES = YES;
				CLANG_ENABLE_OBJC_ARC = YES;
				CLANG_ENABLE_OBJC_WEAK = YES;
				CLANG_WARN_BLOCK_CAPTURE_AUTORELEASING = YES;
				CLANG_WARN_BOOL_CONVERSION = YES;
				CLANG_WARN_COMMA = YES;
				CLANG_WARN_CONSTANT_CONVERSION = YES;
				CLANG_WARN_DEPRECATED_OBJC_IMPLEMENTATIONS = YES;
				CLANG_WARN_DIRECT_OBJC_ISA_USAGE = YES_ERROR;
				CLANG_WARN_DOCUMENTATION_COMMENTS = YES;
				CLANG_WARN_EMPTY_BODY = YES;
				CLANG_WARN_ENUM_CONVERSION = YES;
				CLANG_WARN_INFINITE_RECURSION = YES;
				CLANG_WARN_INT_CONVERSION = YES;
				CLANG_WARN_NON_LITERAL_NULL_CONVERSION = YES;
				CLANG_WARN_OBJC_IMPLICIT_RETAIN_SELF = YES;
				CLANG_WARN_OBJC_LITERAL_CONVERSION = YES;
				CLANG_WARN_OBJC_ROOT_CLASS = YES_ERROR;
				CLANG_WARN_QUOTED_INCLUDE_IN_FRAMEWORK_HEADER = YES;
				CLANG_WARN_RANGE_LOOP_ANALYSIS = YES;
				CLANG_WARN_STRICT_PROTOTYPES = YES;
				CLANG_WARN_SUSPICIOUS_MOVE = YES;
				CLANG_WARN_UNGUARDED_AVAILABILITY = YES_AGGRESSIVE;
				CLANG_WARN_UNREACHABLE_CODE = YES;
				CLANG_WARN__DUPLICATE_METHOD_MATCH = YES;
				COPY_PHASE_STRIP = NO;
				DEBUG_INFORMATION_FORMAT = dwarf;
				ENABLE_STRICT_OBJC_MSGSEND = YES;
				ENABLE_TESTABILITY = YES;
				ENABLE_USER_SCRIPT_SANDBOXING = YES;
				GCC_C_LANGUAGE_STANDARD = gnu17;
				GCC_DYNAMIC_NO_PIC = NO;
				GCC_NO_COMMON_BLOCKS = YES;
				GCC_OPTIMIZATION_LEVEL = 0;
				GCC_PREPROCESSOR_DEFINITIONS = (
					"DEBUG=1",
					"$(inherited)",
				);
				GCC_WARN_64_TO_32_BIT_CONVERSION = YES;
				GCC_WARN_ABOUT_RETURN_TYPE = YES_ERROR;
				GCC_WARN_UNDECLARED_SELECTOR = YES;
				GCC_WARN_UNINITIALIZED_AUTOS = YES_AGGRESSIVE;
				GCC_WARN_UNUSED_FUNCTION = YES;
				GCC_WARN_UNUSED_VARIABLE = YES;
				IPHONEOS_DEPLOYMENT_TARGET = 17.4;
				LOCALIZATION_PREFERS_STRING_CATALOGS = YES;
				MTL_ENABLE_DEBUG_INFO = INCLUDE_SOURCE;
				MTL_FAST_MATH = YES;
				ONLY_ACTIVE_ARCH = YES;
				SDKROOT = iphoneos;
				SWIFT_ACTIVE_COMPILATION_CONDITIONS = "DEBUG $(inherited)";
				SWIFT_OPTIMIZATION_LEVEL = "-Onone";
			};
			name = Debug;
		};
		CEBA456D2C04CFEE00C95299 /* Release */ = {
			isa = XCBuildConfiguration;
			buildSettings = {
				ALWAYS_SEARCH_USER_PATHS = NO;
				ASSETCATALOG_COMPILER_GENERATE_SWIFT_ASSET_SYMBOL_EXTENSIONS = YES;
				CLANG_ANALYZER_NONNULL = YES;
				CLANG_ANALYZER_NUMBER_OBJECT_CONVERSION = YES_AGGRESSIVE;
				CLANG_CXX_LANGUAGE_STANDARD = "gnu++20";
				CLANG_ENABLE_MODULES = YES;
				CLANG_ENABLE_OBJC_ARC = YES;
				CLANG_ENABLE_OBJC_WEAK = YES;
				CLANG_WARN_BLOCK_CAPTURE_AUTORELEASING = YES;
				CLANG_WARN_BOOL_CONVERSION = YES;
				CLANG_WARN_COMMA = YES;
				CLANG_WARN_CONSTANT_CONVERSION = YES;
				CLANG_WARN_DEPRECATED_OBJC_IMPLEMENTATIONS = YES;
				CLANG_WARN_DIRECT_OBJC_ISA_USAGE = YES_ERROR;
				CLANG_WARN_DOCUMENTATION_COMMENTS = YES;
				CLANG_WARN_EMPTY_BODY = YES;
				CLANG_WARN_ENUM_CONVERSION = YES;
				CLANG_WARN_INFINITE_RECURSION = YES;
				CLANG_WARN_INT_CONVERSION = YES;
				CLANG_WARN_NON_LITERAL_NULL_CONVERSION = YES;
				CLANG_WARN_OBJC_IMPLICIT_RETAIN_SELF = YES;
				CLANG_WARN_OBJC_LITERAL_CONVERSION = YES;
				CLANG_WARN_OBJC_ROOT_CLASS = YES_ERROR;
				CLANG_WARN_QUOTED_INCLUDE_IN_FRAMEWORK_HEADER = YES;
				CLANG_WARN_RANGE_LOOP_ANALYSIS = YES;
				CLANG_WARN_STRICT_PROTOTYPES = YES;
				CLANG_WARN_SUSPICIOUS_MOVE = YES;
				CLANG_WARN_UNGUARDED_AVAILABILITY = YES_AGGRESSIVE;
				CLANG_WARN_UNREACHABLE_CODE = YES;
				CLANG_WARN__DUPLICATE_METHOD_MATCH = YES;
				COPY_PHASE_STRIP = NO;
				DEBUG_INFORMATION_FORMAT = "dwarf-with-dsym";
				ENABLE_NS_ASSERTIONS = NO;
				ENABLE_STRICT_OBJC_MSGSEND = YES;
				ENABLE_USER_SCRIPT_SANDBOXING = YES;
				GCC_C_LANGUAGE_STANDARD = gnu17;
				GCC_NO_COMMON_BLOCKS = YES;
				GCC_WARN_64_TO_32_BIT_CONVERSION = YES;
				GCC_WARN_ABOUT_RETURN_TYPE = YES_ERROR;
				GCC_WARN_UNDECLARED_SELECTOR = YES;
				GCC_WARN_UNINITIALIZED_AUTOS = YES_AGGRESSIVE;
				GCC_WARN_UNUSED_FUNCTION = YES;
				GCC_WARN_UNUSED_VARIABLE = YES;
				IPHONEOS_DEPLOYMENT_TARGET = 17.4;
				LOCALIZATION_PREFERS_STRING_CATALOGS = YES;
				MTL_ENABLE_DEBUG_INFO = NO;
				MTL_FAST_MATH = YES;
				SDKROOT = iphoneos;
				SWIFT_COMPILATION_MODE = wholemodule;
				VALIDATE_PRODUCT = YES;
			};
			name = Release;
		};
		CEBA456F2C04CFEE00C95299 /* Debug */ = {
			isa = XCBuildConfiguration;
			buildSettings = {
				ALWAYS_EMBED_SWIFT_STANDARD_LIBRARIES = YES;
				ASSETCATALOG_COMPILER_APPICON_NAME = AppIcon;
				ASSETCATALOG_COMPILER_GLOBAL_ACCENT_COLOR_NAME = AccentColor;
				CODE_SIGN_ENTITLEMENTS = wheather/wheather.entitlements;
				CODE_SIGN_STYLE = Automatic;
				CURRENT_PROJECT_VERSION = 1;
				DEVELOPMENT_TEAM = JP6MC7F82A;
				GENERATE_INFOPLIST_FILE = YES;
				INFOPLIST_FILE = wheather/Info.plist;
				INFOPLIST_KEY_NSLocationWhenInUseUsageDescription = "please allow access to get wheather";
				INFOPLIST_KEY_UIApplicationSupportsIndirectInputEvents = YES;
				INFOPLIST_KEY_UILaunchStoryboardName = LaunchScreen;
				INFOPLIST_KEY_UIMainStoryboardFile = Main;
				INFOPLIST_KEY_UISupportedInterfaceOrientations_iPad = "UIInterfaceOrientationPortrait UIInterfaceOrientationPortraitUpsideDown UIInterfaceOrientationLandscapeLeft UIInterfaceOrientationLandscapeRight";
				INFOPLIST_KEY_UISupportedInterfaceOrientations_iPhone = "UIInterfaceOrientationPortrait UIInterfaceOrientationLandscapeLeft UIInterfaceOrientationLandscapeRight";
				LD_RUNPATH_SEARCH_PATHS = (
					"$(inherited)",
					"@executable_path/Frameworks",
				);
				MARKETING_VERSION = 1.0;
				PRODUCT_BUNDLE_IDENTIFIER = com.Perry.Tsuge.wheather;
				PRODUCT_NAME = "$(TARGET_NAME)";
				SWIFT_EMIT_LOC_STRINGS = YES;
				SWIFT_VERSION = 5.0;
				TARGETED_DEVICE_FAMILY = "1,2";
			};
			name = Debug;
		};
		CEBA45702C04CFEE00C95299 /* Release */ = {
			isa = XCBuildConfiguration;
			buildSettings = {
				ALWAYS_EMBED_SWIFT_STANDARD_LIBRARIES = YES;
				ASSETCATALOG_COMPILER_APPICON_NAME = AppIcon;
				ASSETCATALOG_COMPILER_GLOBAL_ACCENT_COLOR_NAME = AccentColor;
				CODE_SIGN_ENTITLEMENTS = wheather/wheather.entitlements;
				CODE_SIGN_STYLE = Automatic;
				CURRENT_PROJECT_VERSION = 1;
				DEVELOPMENT_TEAM = JP6MC7F82A;
				GENERATE_INFOPLIST_FILE = YES;
				INFOPLIST_FILE = wheather/Info.plist;
				INFOPLIST_KEY_NSLocationWhenInUseUsageDescription = "please allow access to get wheather";
				INFOPLIST_KEY_UIApplicationSupportsIndirectInputEvents = YES;
				INFOPLIST_KEY_UILaunchStoryboardName = LaunchScreen;
				INFOPLIST_KEY_UIMainStoryboardFile = Main;
				INFOPLIST_KEY_UISupportedInterfaceOrientations_iPad = "UIInterfaceOrientationPortrait UIInterfaceOrientationPortraitUpsideDown UIInterfaceOrientationLandscapeLeft UIInterfaceOrientationLandscapeRight";
				INFOPLIST_KEY_UISupportedInterfaceOrientations_iPhone = "UIInterfaceOrientationPortrait UIInterfaceOrientationLandscapeLeft UIInterfaceOrientationLandscapeRight";
				LD_RUNPATH_SEARCH_PATHS = (
					"$(inherited)",
					"@executable_path/Frameworks",
				);
				MARKETING_VERSION = 1.0;
				PRODUCT_BUNDLE_IDENTIFIER = com.Perry.Tsuge.wheather;
				PRODUCT_NAME = "$(TARGET_NAME)";
				SWIFT_EMIT_LOC_STRINGS = YES;
				SWIFT_VERSION = 5.0;
				TARGETED_DEVICE_FAMILY = "1,2";
			};
			name = Release;
		};
/* End XCBuildConfiguration section */

/* Begin XCConfigurationList section */
		CE1326042C0C757700298FDB /* Build configuration list for PBXNativeTarget "WeatherWidgetExtension" */ = {
			isa = XCConfigurationList;
			buildConfigurations = (
				CE1326052C0C757700298FDB /* Debug */,
				CE1326062C0C757700298FDB /* Release */,
			);
			defaultConfigurationIsVisible = 0;
			defaultConfigurationName = Release;
		};
		CEBA45552C04CFED00C95299 /* Build configuration list for PBXProject "remembrella" */ = {
			isa = XCConfigurationList;
			buildConfigurations = (
				CEBA456C2C04CFEE00C95299 /* Debug */,
				CEBA456D2C04CFEE00C95299 /* Release */,
			);
			defaultConfigurationIsVisible = 0;
			defaultConfigurationName = Release;
		};
		CEBA456E2C04CFEE00C95299 /* Build configuration list for PBXNativeTarget "remembrella" */ = {
			isa = XCConfigurationList;
			buildConfigurations = (
				CEBA456F2C04CFEE00C95299 /* Debug */,
				CEBA45702C04CFEE00C95299 /* Release */,
			);
			defaultConfigurationIsVisible = 0;
			defaultConfigurationName = Release;
		};
/* End XCConfigurationList section */
	};
	rootObject = CEBA45522C04CFED00C95299 /* Project object */;
}
